
Microsoft Visual Studio Solution File, Format Version 12.00
# Visual Studio 15
VisualStudioVersion = 15.0.27703.2026
MinimumVisualStudioVersion = 10.0.40219.1
Project("{2150E333-8FDC-42A3-9474-1A3956D46DE8}") = "Demo", "Demo", "{A6B7754F-8E68-4504-8244-4095CB2BB01E}"
EndProject
Project("{2150E333-8FDC-42A3-9474-1A3956D46DE8}") = "Framework", "Framework", "{319EFC07-742B-4F74-8FBD-8760C4677428}"
EndProject
Project("{FAE04EC0-301F-11D3-BF4B-00C04F79EFBC}") = "BowlingKata", "BowlingKata\BowlingKata.csproj", "{364C5FF2-73CA-4932-A7FD-BC2AD9F43840}"
EndProject
Project("{9A19103F-16F7-4668-BE54-9A1E7A4F7556}") = "BowlingKataTest", "Demo\UnitTests\BowlingKataTest.csproj", "{72873F80-7707-4087-A16D-E63DBC5C0485}"
EndProject
Project("{9A19103F-16F7-4668-BE54-9A1E7A4F7556}") = "JasonSoft.RDD", "Framework\JasonSoft.RDD\JasonSoft.RDD.csproj", "{955667C9-0775-439E-8824-88B4CDFFB74D}"
EndProject
Project("{9A19103F-16F7-4668-BE54-9A1E7A4F7556}") = "JasonSoft.RDD.InterceptionBehaviors", "Framework\JasonSoft.RDD.InterceptionBehaviors\JasonSoft.RDD.InterceptionBehaviors.csproj", "{D75BE225-6AE3-4207-9194-CCEA0A23F9E0}"
EndProject
Global
	GlobalSection(SolutionConfigurationPlatforms) = preSolution
		Debug|Any CPU = Debug|Any CPU
		Release|Any CPU = Release|Any CPU
	EndGlobalSection
	GlobalSection(ProjectConfigurationPlatforms) = postSolution
		{364C5FF2-73CA-4932-A7FD-BC2AD9F43840}.Debug|Any CPU.ActiveCfg = Debug|Any CPU
		{364C5FF2-73CA-4932-A7FD-BC2AD9F43840}.Debug|Any CPU.Build.0 = Debug|Any CPU
		{364C5FF2-73CA-4932-A7FD-BC2AD9F43840}.Release|Any CPU.ActiveCfg = Release|Any CPU
		{364C5FF2-73CA-4932-A7FD-BC2AD9F43840}.Release|Any CPU.Build.0 = Release|Any CPU
		{72873F80-7707-4087-A16D-E63DBC5C0485}.Debug|Any CPU.ActiveCfg = Debug|Any CPU
		{72873F80-7707-4087-A16D-E63DBC5C0485}.Debug|Any CPU.Build.0 = Debug|Any CPU
		{72873F80-7707-4087-A16D-E63DBC5C0485}.Release|Any CPU.ActiveCfg = Release|Any CPU
		{72873F80-7707-4087-A16D-E63DBC5C0485}.Release|Any CPU.Build.0 = Release|Any CPU
		{955667C9-0775-439E-8824-88B4CDFFB74D}.Debug|Any CPU.ActiveCfg = Debug|Any CPU
		{955667C9-0775-439E-8824-88B4CDFFB74D}.Debug|Any CPU.Build.0 = Debug|Any CPU
		{955667C9-0775-439E-8824-88B4CDFFB74D}.Release|Any CPU.ActiveCfg = Release|Any CPU
		{955667C9-0775-439E-8824-88B4CDFFB74D}.Release|Any CPU.Build.0 = Release|Any CPU
		{D75BE225-6AE3-4207-9194-CCEA0A23F9E0}.Debug|Any CPU.ActiveCfg = Debug|Any CPU
		{D75BE225-6AE3-4207-9194-CCEA0A23F9E0}.Debug|Any CPU.Build.0 = Debug|Any CPU
		{D75BE225-6AE3-4207-9194-CCEA0A23F9E0}.Release|Any CPU.ActiveCfg = Release|Any CPU
		{D75BE225-6AE3-4207-9194-CCEA0A23F9E0}.Release|Any CPU.Build.0 = Release|Any CPU
	EndGlobalSection
	GlobalSection(SolutionProperties) = preSolution
		HideSolutionNode = FALSE
	EndGlobalSection
	GlobalSection(NestedProjects) = preSolution
		{364C5FF2-73CA-4932-A7FD-BC2AD9F43840} = {A6B7754F-8E68-4504-8244-4095CB2BB01E}
		{72873F80-7707-4087-A16D-E63DBC5C0485} = {A6B7754F-8E68-4504-8244-4095CB2BB01E}
		{955667C9-0775-439E-8824-88B4CDFFB74D} = {319EFC07-742B-4F74-8FBD-8760C4677428}
		{D75BE225-6AE3-4207-9194-CCEA0A23F9E0} = {319EFC07-742B-4F74-8FBD-8760C4677428}
	EndGlobalSection
	GlobalSection(ExtensibilityGlobals) = postSolution
		SolutionGuid = {67A1963C-F8F9-462A-8F94-5928F3B4F8FC}
	EndGlobalSection
EndGlobal
